
Microsoft Visual Studio Solution File, Format Version 12.00
# Visual Studio 14
VisualStudioVersion = 14.0.25420.1
MinimumVisualStudioVersion = 10.0.40219.1
Project("{FAE04EC0-301F-11D3-BF4B-00C04F79EFBC}") = "LaurelIDParse", "LaurelIDParse\LaurelIDParse.csproj", "{69C91D59-E1EF-44C0-96CC-900FA8B5D4D1}"
EndProject
Global
	GlobalSection(SolutionConfigurationPlatforms) = preSolution
		Debug|Any CPU = Debug|Any CPU
		Debug|x86 = Debug|x86
		Release|Any CPU = Release|Any CPU
		Release|x86 = Release|x86
		ReleaseNET20|Any CPU = ReleaseNET20|Any CPU
		ReleaseNET20|x86 = ReleaseNET20|x86
		ReleaseNET35|Any CPU = ReleaseNET35|Any CPU
		ReleaseNET35|x86 = ReleaseNET35|x86
		ReleaseNET40|Any CPU = ReleaseNET40|Any CPU
		ReleaseNET40|x86 = ReleaseNET40|x86
		ReleaseNET45|Any CPU = ReleaseNET45|Any CPU
		ReleaseNET45|x86 = ReleaseNET45|x86
		ReleaseNET46|Any CPU = ReleaseNET46|Any CPU
		ReleaseNET46|x86 = ReleaseNET46|x86
	EndGlobalSection
	GlobalSection(ProjectConfigurationPlatforms) = postSolution
		{69C91D59-E1EF-44C0-96CC-900FA8B5D4D1}.Debug|Any CPU.ActiveCfg = Debug|Any CPU
		{69C91D59-E1EF-44C0-96CC-900FA8B5D4D1}.Debug|Any CPU.Build.0 = Debug|Any CPU
		{69C91D59-E1EF-44C0-96CC-900FA8B5D4D1}.Debug|x86.ActiveCfg = Debug|x86
		{69C91D59-E1EF-44C0-96CC-900FA8B5D4D1}.Debug|x86.Build.0 = Debug|x86
		{69C91D59-E1EF-44C0-96CC-900FA8B5D4D1}.Release|Any CPU.ActiveCfg = Release|Any CPU
		{69C91D59-E1EF-44C0-96CC-900FA8B5D4D1}.Release|Any CPU.Build.0 = Release|Any CPU
		{69C91D59-E1EF-44C0-96CC-900FA8B5D4D1}.Release|x86.ActiveCfg = Release|x86
		{69C91D59-E1EF-44C0-96CC-900FA8B5D4D1}.Release|x86.Build.0 = Release|x86
		{69C91D59-E1EF-44C0-96CC-900FA8B5D4D1}.ReleaseNET20|Any CPU.ActiveCfg = Release|Any CPU
		{69C91D59-E1EF-44C0-96CC-900FA8B5D4D1}.ReleaseNET20|Any CPU.Build.0 = Release|Any CPU
		{69C91D59-E1EF-44C0-96CC-900FA8B5D4D1}.ReleaseNET20|x86.ActiveCfg = Release|x86
		{69C91D59-E1EF-44C0-96CC-900FA8B5D4D1}.ReleaseNET20|x86.Build.0 = Release|x86
		{69C91D59-E1EF-44C0-96CC-900FA8B5D4D1}.ReleaseNET35|Any CPU.ActiveCfg = Release|Any CPU
		{69C91D59-E1EF-44C0-96CC-900FA8B5D4D1}.ReleaseNET35|Any CPU.Build.0 = Release|Any CPU
		{69C91D59-E1EF-44C0-96CC-900FA8B5D4D1}.ReleaseNET35|x86.ActiveCfg = Release|x86
		{69C91D59-E1EF-44C0-96CC-900FA8B5D4D1}.ReleaseNET35|x86.Build.0 = Release|x86
		{69C91D59-E1EF-44C0-96CC-900FA8B5D4D1}.ReleaseNET40|Any CPU.ActiveCfg = Release|Any CPU
		{69C91D59-E1EF-44C0-96CC-900FA8B5D4D1}.ReleaseNET40|Any CPU.Build.0 = Release|Any CPU
		{69C91D59-E1EF-44C0-96CC-900FA8B5D4D1}.ReleaseNET40|x86.ActiveCfg = Release|x86
		{69C91D59-E1EF-44C0-96CC-900FA8B5D4D1}.ReleaseNET40|x86.Build.0 = Release|x86
		{69C91D59-E1EF-44C0-96CC-900FA8B5D4D1}.ReleaseNET45|Any CPU.ActiveCfg = Release|Any CPU
		{69C91D59-E1EF-44C0-96CC-900FA8B5D4D1}.ReleaseNET45|Any CPU.Build.0 = Release|Any CPU
		{69C91D59-E1EF-44C0-96CC-900FA8B5D4D1}.ReleaseNET45|x86.ActiveCfg = Release|x86
		{69C91D59-E1EF-44C0-96CC-900FA8B5D4D1}.ReleaseNET45|x86.Build.0 = Release|x86
		{69C91D59-E1EF-44C0-96CC-900FA8B5D4D1}.ReleaseNET46|Any CPU.ActiveCfg = Release|Any CPU
		{69C91D59-E1EF-44C0-96CC-900FA8B5D4D1}.ReleaseNET46|Any CPU.Build.0 = Release|Any CPU
		{69C91D59-E1EF-44C0-96CC-900FA8B5D4D1}.ReleaseNET46|x86.ActiveCfg = Release|x86
		{69C91D59-E1EF-44C0-96CC-900FA8B5D4D1}.ReleaseNET46|x86.Build.0 = Release|x86
	EndGlobalSection
	GlobalSection(SolutionProperties) = preSolution
		HideSolutionNode = FALSE
	EndGlobalSection
EndGlobal
